# This file is automatically @generated by Cargo.
# It is not intended for manual editing.
version = 3

[[package]]
name = "cfg-if"
version = "1.0.0"
source = "registry+https://github.com/rust-lang/crates.io-index"
checksum = "baf1de4339761588bc0619e3cbc0120ee582ebb74b53b4efbf79117bd2da40fd"

[[package]]
name = "fern"
version = "0.6.1"
source = "registry+https://github.com/rust-lang/crates.io-index"
checksum = "3bdd7b0849075e79ee9a1836df22c717d1eba30451796fdc631b04565dd11e2a"
dependencies = [
 "log",
]

[[package]]
name = "gtk-ui"
version = "0.1.0"
dependencies = [
 "fern",
 "log",
 "unescape",
]

[[package]]
name = "log"
version = "0.4.17"
source = "registry+https://github.com/rust-lang/crates.io-index"
checksum = "abb12e687cfb44aa40f41fc3978ef76448f9b6038cad6aef4259d3c095a2382e"
dependencies = [
 "cfg-if",
]

[[package]]
name = "unescape"
version = "0.1.0"
source = "registry+https://github.com/rust-lang/crates.io-index"
checksum = "ccb97dac3243214f8d8507998906ca3e2e0b900bf9bf4870477f125b82e68f6e"
